
Microsoft Visual Studio Solution File, Format Version 12.00
# Visual Studio Version 16
VisualStudioVersion = 16.0.30804.86
MinimumVisualStudioVersion = 10.0.40219.1
Project("{FAE04EC0-301F-11D3-BF4B-00C04F79EFBC}") = "WorkItWithWario", "WorkItWithWario\WorkItWithWario.csproj", "{097DC9A5-1CEE-4A67-B4AF-CA3B64310574}"
EndProject
Global
	GlobalSection(SolutionConfigurationPlatforms) = preSolution
		Debug|Any CPU = Debug|Any CPU
		Release|Any CPU = Release|Any CPU
	EndGlobalSection
	GlobalSection(ProjectConfigurationPlatforms) = postSolution
		{097DC9A5-1CEE-4A67-B4AF-CA3B64310574}.Debug|Any CPU.ActiveCfg = Debug|Any CPU
		{097DC9A5-1CEE-4A67-B4AF-CA3B64310574}.Debug|Any CPU.Build.0 = Debug|Any CPU
		{097DC9A5-1CEE-4A67-B4AF-CA3B64310574}.Release|Any CPU.ActiveCfg = Release|Any CPU
		{097DC9A5-1CEE-4A67-B4AF-CA3B64310574}.Release|Any CPU.Build.0 = Release|Any CPU
	EndGlobalSection
	GlobalSection(SolutionProperties) = preSolution
		HideSolutionNode = FALSE
	EndGlobalSection
	GlobalSection(ExtensibilityGlobals) = postSolution
		SolutionGuid = {4CB658DA-4D73-4130-8F02-81233CB3F235}
	EndGlobalSection
EndGlobal
